// !$*UTF8*$!
{
	archiveVersion = 1;
	classes = {
	};
	objectVersion = 50;
	objects = {

/* Begin PBXBuildFile section */
		24D0307722EB3E5300D9DEA3 /* AppDelegate.swift in Sources */ = {isa = PBXBuildFile; fileRef = 24D0307622EB3E5300D9DEA3 /* AppDelegate.swift */; };
		24D0307922EB3E5300D9DEA3 /* ViewController.swift in Sources */ = {isa = PBXBuildFile; fileRef = 24D0307822EB3E5300D9DEA3 /* ViewController.swift */; };
		24D0307C22EB3E5300D9DEA3 /* Main.storyboard in Resources */ = {isa = PBXBuildFile; fileRef = 24D0307A22EB3E5300D9DEA3 /* Main.storyboard */; };
		24D0307E22EB3E5400D9DEA3 /* Assets.xcassets in Resources */ = {isa = PBXBuildFile; fileRef = 24D0307D22EB3E5400D9DEA3 /* Assets.xcassets */; };
		24D0308122EB3E5400D9DEA3 /* LaunchScreen.storyboard in Resources */ = {isa = PBXBuildFile; fileRef = 24D0307F22EB3E5400D9DEA3 /* LaunchScreen.storyboard */; };
		24D0308C22EB3E5400D9DEA3 /* memoTests.swift in Sources */ = {isa = PBXBuildFile; fileRef = 24D0308B22EB3E5400D9DEA3 /* memoTests.swift */; };
		24D0309722EB3E5400D9DEA3 /* memoUITests.swift in Sources */ = {isa = PBXBuildFile; fileRef = 24D0309622EB3E5400D9DEA3 /* memoUITests.swift */; };
		24D030A622EB402500D9DEA3 /* libsqlite3.tbd in Frameworks */ = {isa = PBXBuildFile; fileRef = 24D030A522EB402500D9DEA3 /* libsqlite3.tbd */; };
		24D030A922EB407300D9DEA3 /* dummy.m in Sources */ = {isa = PBXBuildFile; fileRef = 24D030A822EB407300D9DEA3 /* dummy.m */; };
		24D030AB22EB40A600D9DEA3 /* Database.swift in Sources */ = {isa = PBXBuildFile; fileRef = 24D030AA22EB40A600D9DEA3 /* Database.swift */; };
/* End PBXBuildFile section */

/* Begin PBXContainerItemProxy section */
		24D0308822EB3E5400D9DEA3 /* PBXContainerItemProxy */ = {
			isa = PBXContainerItemProxy;
			containerPortal = 24D0306B22EB3E5300D9DEA3 /* Project object */;
			proxyType = 1;
			remoteGlobalIDString = 24D0307222EB3E5300D9DEA3;
			remoteInfo = memo;
		};
		24D0309322EB3E5400D9DEA3 /* PBXContainerItemProxy */ = {
			isa = PBXContainerItemProxy;
			containerPortal = 24D0306B22EB3E5300D9DEA3 /* Project object */;
			proxyType = 1;
			remoteGlobalIDString = 24D0307222EB3E5300D9DEA3;
			remoteInfo = memo;
		};
/* End PBXContainerItemProxy section */

/* Begin PBXFileReference section */
		24D0307322EB3E5300D9DEA3 /* memo.app */ = {isa = PBXFileReference; explicitFileType = wrapper.application; includeInIndex = 0; path = memo.app; sourceTree = BUILT_PRODUCTS_DIR; };
		24D0307622EB3E5300D9DEA3 /* AppDelegate.swift */ = {isa = PBXFileReference; lastKnownFileType = sourcecode.swift; path = AppDelegate.swift; sourceTree = "<group>"; };
		24D0307822EB3E5300D9DEA3 /* ViewController.swift */ = {isa = PBXFileReference; lastKnownFileType = sourcecode.swift; path = ViewController.swift; sourceTree = "<group>"; };
		24D0307B22EB3E5300D9DEA3 /* Base */ = {isa = PBXFileReference; lastKnownFileType = file.storyboard; name = Base; path = Base.lproj/Main.storyboard; sourceTree = "<group>"; };
		24D0307D22EB3E5400D9DEA3 /* Assets.xcassets */ = {isa = PBXFileReference; lastKnownFileType = folder.assetcatalog; path = Assets.xcassets; sourceTree = "<group>"; };
		24D0308022EB3E5400D9DEA3 /* Base */ = {isa = PBXFileReference; lastKnownFileType = file.storyboard; name = Base; path = Base.lproj/LaunchScreen.storyboard; sourceTree = "<group>"; };
		24D0308222EB3E5400D9DEA3 /* Info.plist */ = {isa = PBXFileReference; lastKnownFileType = text.plist.xml; path = Info.plist; sourceTree = "<group>"; };
		24D0308722EB3E5400D9DEA3 /* memoTests.xctest */ = {isa = PBXFileReference; explicitFileType = wrapper.cfbundle; includeInIndex = 0; path = memoTests.xctest; sourceTree = BUILT_PRODUCTS_DIR; };
		24D0308B22EB3E5400D9DEA3 /* memoTests.swift */ = {isa = PBXFileReference; lastKnownFileType = sourcecode.swift; path = memoTests.swift; sourceTree = "<group>"; };
		24D0308D22EB3E5400D9DEA3 /* Info.plist */ = {isa = PBXFileReference; lastKnownFileType = text.plist.xml; path = Info.plist; sourceTree = "<group>"; };
		24D0309222EB3E5400D9DEA3 /* memoUITests.xctest */ = {isa = PBXFileReference; explicitFileType = wrapper.cfbundle; includeInIndex = 0; path = memoUITests.xctest; sourceTree = BUILT_PRODUCTS_DIR; };
		24D0309622EB3E5400D9DEA3 /* memoUITests.swift */ = {isa = PBXFileReference; lastKnownFileType = sourcecode.swift; path = memoUITests.swift; sourceTree = "<group>"; };
		24D0309822EB3E5400D9DEA3 /* Info.plist */ = {isa = PBXFileReference; lastKnownFileType = text.plist.xml; path = Info.plist; sourceTree = "<group>"; };
		24D030A522EB402500D9DEA3 /* libsqlite3.tbd */ = {isa = PBXFileReference; lastKnownFileType = "sourcecode.text-based-dylib-definition"; name = libsqlite3.tbd; path = usr/lib/libsqlite3.tbd; sourceTree = SDKROOT; };
		24D030A722EB407300D9DEA3 /* memo-Bridging-Header.h */ = {isa = PBXFileReference; lastKnownFileType = sourcecode.c.h; path = "memo-Bridging-Header.h"; sourceTree = "<group>"; };
		24D030A822EB407300D9DEA3 /* dummy.m */ = {isa = PBXFileReference; lastKnownFileType = sourcecode.c.objc; path = dummy.m; sourceTree = "<group>"; };
		24D030AA22EB40A600D9DEA3 /* Database.swift */ = {isa = PBXFileReference; lastKnownFileType = sourcecode.swift; path = Database.swift; sourceTree = "<group>"; };
/* End PBXFileReference section */

/* Begin PBXFrameworksBuildPhase section */
		24D0307022EB3E5300D9DEA3 /* Frameworks */ = {
			isa = PBXFrameworksBuildPhase;
			buildActionMask = 2147483647;
			files = (
				24D030A622EB402500D9DEA3 /* libsqlite3.tbd in Frameworks */,
			);
			runOnlyForDeploymentPostprocessing = 0;
		};
		24D0308422EB3E5400D9DEA3 /* Frameworks */ = {
			isa = PBXFrameworksBuildPhase;
			buildActionMask = 2147483647;
			files = (
			);
			runOnlyForDeploymentPostprocessing = 0;
		};
		24D0308F22EB3E5400D9DEA3 /* Frameworks */ = {
			isa = PBXFrameworksBuildPhase;
			buildActionMask = 2147483647;
			files = (
			);
			runOnlyForDeploymentPostprocessing = 0;
		};
/* End PBXFrameworksBuildPhase section */

/* Begin PBXGroup section */
		24D0306A22EB3E5300D9DEA3 = {
			isa = PBXGroup;
			children = (
				24D030A822EB407300D9DEA3 /* dummy.m */,
				24D030AA22EB40A600D9DEA3 /* Database.swift */,
				24D0307522EB3E5300D9DEA3 /* memo */,
				24D0308A22EB3E5400D9DEA3 /* memoTests */,
				24D0309522EB3E5400D9DEA3 /* memoUITests */,
				24D0307422EB3E5300D9DEA3 /* Products */,
				24D030A422EB402500D9DEA3 /* Frameworks */,
				24D030A722EB407300D9DEA3 /* memo-Bridging-Header.h */,
			);
			sourceTree = "<group>";
		};
		24D0307422EB3E5300D9DEA3 /* Products */ = {
			isa = PBXGroup;
			children = (
				24D0307322EB3E5300D9DEA3 /* memo.app */,
				24D0308722EB3E5400D9DEA3 /* memoTests.xctest */,
				24D0309222EB3E5400D9DEA3 /* memoUITests.xctest */,
			);
			name = Products;
			sourceTree = "<group>";
		};
		24D0307522EB3E5300D9DEA3 /* memo */ = {
			isa = PBXGroup;
			children = (
				24D0307622EB3E5300D9DEA3 /* AppDelegate.swift */,
				24D0307822EB3E5300D9DEA3 /* ViewController.swift */,
				24D0307A22EB3E5300D9DEA3 /* Main.storyboard */,
				24D0307D22EB3E5400D9DEA3 /* Assets.xcassets */,
				24D0307F22EB3E5400D9DEA3 /* LaunchScreen.storyboard */,
				24D0308222EB3E5400D9DEA3 /* Info.plist */,
			);
			path = memo;
			sourceTree = "<group>";
		};
		24D0308A22EB3E5400D9DEA3 /* memoTests */ = {
			isa = PBXGroup;
			children = (
				24D0308B22EB3E5400D9DEA3 /* memoTests.swift */,
				24D0308D22EB3E5400D9DEA3 /* Info.plist */,
			);
			path = memoTests;
			sourceTree = "<group>";
		};
		24D0309522EB3E5400D9DEA3 /* memoUITests */ = {
			isa = PBXGroup;
			children = (
				24D0309622EB3E5400D9DEA3 /* memoUITests.swift */,
				24D0309822EB3E5400D9DEA3 /* Info.plist */,
			);
			path = memoUITests;
			sourceTree = "<group>";
		};
		24D030A422EB402500D9DEA3 /* Frameworks */ = {
			isa = PBXGroup;
			children = (
				24D030A522EB402500D9DEA3 /* libsqlite3.tbd */,
			);
			name = Frameworks;
			sourceTree = "<group>";
		};
/* End PBXGroup section */

/* Begin PBXNativeTarget section */
		24D0307222EB3E5300D9DEA3 /* memo */ = {
			isa = PBXNativeTarget;
			buildConfigurationList = 24D0309B22EB3E5400D9DEA3 /* Build configuration list for PBXNativeTarget "memo" */;
			buildPhases = (
				24D0306F22EB3E5300D9DEA3 /* Sources */,
				24D0307022EB3E5300D9DEA3 /* Frameworks */,
				24D0307122EB3E5300D9DEA3 /* Resources */,
			);
			buildRules = (
			);
			dependencies = (
			);
			name = memo;
			productName = memo;
			productReference = 24D0307322EB3E5300D9DEA3 /* memo.app */;
			productType = "com.apple.product-type.application";
		};
		24D0308622EB3E5400D9DEA3 /* memoTests */ = {
			isa = PBXNativeTarget;
			buildConfigurationList = 24D0309E22EB3E5400D9DEA3 /* Build configuration list for PBXNativeTarget "memoTests" */;
			buildPhases = (
				24D0308322EB3E5400D9DEA3 /* Sources */,
				24D0308422EB3E5400D9DEA3 /* Frameworks */,
				24D0308522EB3E5400D9DEA3 /* Resources */,
			);
			buildRules = (
			);
			dependencies = (
				24D0308922EB3E5400D9DEA3 /* PBXTargetDependency */,
			);
			name = memoTests;
			productName = memoTests;
			productReference = 24D0308722EB3E5400D9DEA3 /* memoTests.xctest */;
			productType = "com.apple.product-type.bundle.unit-test";
		};
		24D0309122EB3E5400D9DEA3 /* memoUITests */ = {
			isa = PBXNativeTarget;
			buildConfigurationList = 24D030A122EB3E5400D9DEA3 /* Build configuration list for PBXNativeTarget "memoUITests" */;
			buildPhases = (
				24D0308E22EB3E5400D9DEA3 /* Sources */,
				24D0308F22EB3E5400D9DEA3 /* Frameworks */,
				24D0309022EB3E5400D9DEA3 /* Resources */,
			);
			buildRules = (
			);
			dependencies = (
				24D0309422EB3E5400D9DEA3 /* PBXTargetDependency */,
			);
			name = memoUITests;
			productName = memoUITests;
			productReference = 24D0309222EB3E5400D9DEA3 /* memoUITests.xctest */;
			productType = "com.apple.product-type.bundle.ui-testing";
		};
/* End PBXNativeTarget section */

/* Begin PBXProject section */
		24D0306B22EB3E5300D9DEA3 /* Project object */ = {
			isa = PBXProject;
			attributes = {
				LastSwiftUpdateCheck = 1020;
				LastUpgradeCheck = 1020;
				ORGANIZATIONNAME = Milk;
				TargetAttributes = {
					24D0307222EB3E5300D9DEA3 = {
						CreatedOnToolsVersion = 10.2.1;
						LastSwiftMigration = 1020;
					};
					24D0308622EB3E5400D9DEA3 = {
						CreatedOnToolsVersion = 10.2.1;
						TestTargetID = 24D0307222EB3E5300D9DEA3;
					};
					24D0309122EB3E5400D9DEA3 = {
						CreatedOnToolsVersion = 10.2.1;
						TestTargetID = 24D0307222EB3E5300D9DEA3;
					};
				};
			};
			buildConfigurationList = 24D0306E22EB3E5300D9DEA3 /* Build configuration list for PBXProject "memo" */;
			compatibilityVersion = "Xcode 9.3";
			developmentRegion = en;
			hasScannedForEncodings = 0;
			knownRegions = (
				en,
				Base,
			);
			mainGroup = 24D0306A22EB3E5300D9DEA3;
			productRefGroup = 24D0307422EB3E5300D9DEA3 /* Products */;
			projectDirPath = "";
			projectRoot = "";
			targets = (
				24D0307222EB3E5300D9DEA3 /* memo */,
				24D0308622EB3E5400D9DEA3 /* memoTests */,
				24D0309122EB3E5400D9DEA3 /* memoUITests */,
			);
		};
/* End PBXProject section */

/* Begin PBXResourcesBuildPhase section */
		24D0307122EB3E5300D9DEA3 /* Resources */ = {
			isa = PBXResourcesBuildPhase;
			buildActionMask = 2147483647;
			files = (
				24D0308122EB3E5400D9DEA3 /* LaunchScreen.storyboard in Resources */,
				24D0307E22EB3E5400D9DEA3 /* Assets.xcassets in Resources */,
				24D0307C22EB3E5300D9DEA3 /* Main.storyboard in Resources */,
			);
			runOnlyForDeploymentPostprocessing = 0;
		};
		24D0308522EB3E5400D9DEA3 /* Resources */ = {
			isa = PBXResourcesBuildPhase;
			buildActionMask = 2147483647;
			files = (
			);
			runOnlyForDeploymentPostprocessing = 0;
		};
		24D0309022EB3E5400D9DEA3 /* Resources */ = {
			isa = PBXResourcesBuildPhase;
			buildActionMask = 2147483647;
			files = (
			);
			runOnlyForDeploymentPostprocessing = 0;
		};
/* End PBXResourcesBuildPhase section */

/* Begin PBXSourcesBuildPhase section */
		24D0306F22EB3E5300D9DEA3 /* Sources */ = {
			isa = PBXSourcesBuildPhase;
			buildActionMask = 2147483647;
			files = (
				24D030A922EB407300D9DEA3 /* dummy.m in Sources */,
				24D0307922EB3E5300D9DEA3 /* ViewController.swift in Sources */,
				24D030AB22EB40A600D9DEA3 /* Database.swift in Sources */,
				24D0307722EB3E5300D9DEA3 /* AppDelegate.swift in Sources */,
			);
			runOnlyForDeploymentPostprocessing = 0;
		};
		24D0308322EB3E5400D9DEA3 /* Sources */ = {
			isa = PBXSourcesBuildPhase;
			buildActionMask = 2147483647;
			files = (
				24D0308C22EB3E5400D9DEA3 /* memoTests.swift in Sources */,
			);
			runOnlyForDeploymentPostprocessing = 0;
		};
		24D0308E22EB3E5400D9DEA3 /* Sources */ = {
			isa = PBXSourcesBuildPhase;
			buildActionMask = 2147483647;
			files = (
				24D0309722EB3E5400D9DEA3 /* memoUITests.swift in Sources */,
			);
			runOnlyForDeploymentPostprocessing = 0;
		};
/* End PBXSourcesBuildPhase section */

/* Begin PBXTargetDependency section */
		24D0308922EB3E5400D9DEA3 /* PBXTargetDependency */ = {
			isa = PBXTargetDependency;
			target = 24D0307222EB3E5300D9DEA3 /* memo */;
			targetProxy = 24D0308822EB3E5400D9DEA3 /* PBXContainerItemProxy */;
		};
		24D0309422EB3E5400D9DEA3 /* PBXTargetDependency */ = {
			isa = PBXTargetDependency;
			target = 24D0307222EB3E5300D9DEA3 /* memo */;
			targetProxy = 24D0309322EB3E5400D9DEA3 /* PBXContainerItemProxy */;
		};
/* End PBXTargetDependency section */

/* Begin PBXVariantGroup section */
		24D0307A22EB3E5300D9DEA3 /* Main.storyboard */ = {
			isa = PBXVariantGroup;
			children = (
				24D0307B22EB3E5300D9DEA3 /* Base */,
			);
			name = Main.storyboard;
			sourceTree = "<group>";
		};
		24D0307F22EB3E5400D9DEA3 /* LaunchScreen.storyboard */ = {
			isa = PBXVariantGroup;
			children = (
				24D0308022EB3E5400D9DEA3 /* Base */,
			);
			name = LaunchScreen.storyboard;
			sourceTree = "<group>";
		};
/* End PBXVariantGroup section */

/* Begin XCBuildConfiguration section */
		24D0309922EB3E5400D9DEA3 /* Debug */ = {
			isa = XCBuildConfiguration;
			buildSettings = {
				ALWAYS_SEARCH_USER_PATHS = NO;
				CLANG_ANALYZER_NONNULL = YES;
				CLANG_ANALYZER_NUMBER_OBJECT_CONVERSION = YES_AGGRESSIVE;
				CLANG_CXX_LANGUAGE_STANDARD = "gnu++14";
				CLANG_CXX_LIBRARY = "libc++";
				CLANG_ENABLE_MODULES = YES;
				CLANG_ENABLE_OBJC_ARC = YES;
				CLANG_ENABLE_OBJC_WEAK = YES;
				CLANG_WARN_BLOCK_CAPTURE_AUTORELEASING = YES;
				CLANG_WARN_BOOL_CONVERSION = YES;
				CLANG_WARN_COMMA = YES;
				CLANG_WARN_CONSTANT_CONVERSION = YES;
				CLANG_WARN_DEPRECATED_OBJC_IMPLEMENTATIONS = YES;
				CLANG_WARN_DIRECT_OBJC_ISA_USAGE = YES_ERROR;
				CLANG_WARN_DOCUMENTATION_COMMENTS = YES;
				CLANG_WARN_EMPTY_BODY = YES;
				CLANG_WARN_ENUM_CONVERSION = YES;
				CLANG_WARN_INFINITE_RECURSION = YES;
				CLANG_WARN_INT_CONVERSION = YES;
				CLANG_WARN_NON_LITERAL_NULL_CONVERSION = YES;
				CLANG_WARN_OBJC_IMPLICIT_RETAIN_SELF = YES;
				CLANG_WARN_OBJC_LITERAL_CONVERSION = YES;
				CLANG_WARN_OBJC_ROOT_CLASS = YES_ERROR;
				CLANG_WARN_RANGE_LOOP_ANALYSIS = YES;
				CLANG_WARN_STRICT_PROTOTYPES = YES;
				CLANG_WARN_SUSPICIOUS_MOVE = YES;
				CLANG_WARN_UNGUARDED_AVAILABILITY = YES_AGGRESSIVE;
				CLANG_WARN_UNREACHABLE_CODE = YES;
				CLANG_WARN__DUPLICATE_METHOD_MATCH = YES;
				CODE_SIGN_IDENTITY = "iPhone Developer";
				COPY_PHASE_STRIP = NO;
				DEBUG_INFORMATION_FORMAT = dwarf;
				ENABLE_STRICT_OBJC_MSGSEND = YES;
				ENABLE_TESTABILITY = YES;
				GCC_C_LANGUAGE_STANDARD = gnu11;
				GCC_DYNAMIC_NO_PIC = NO;
				GCC_NO_COMMON_BLOCKS = YES;
				GCC_OPTIMIZATION_LEVEL = 0;
				GCC_PREPROCESSOR_DEFINITIONS = (
					"DEBUG=1",
					"$(inherited)",
				);
				GCC_WARN_64_TO_32_BIT_CONVERSION = YES;
				GCC_WARN_ABOUT_RETURN_TYPE = YES_ERROR;
				GCC_WARN_UNDECLARED_SELECTOR = YES;
				GCC_WARN_UNINITIALIZED_AUTOS = YES_AGGRESSIVE;
				GCC_WARN_UNUSED_FUNCTION = YES;
				GCC_WARN_UNUSED_VARIABLE = YES;
				IPHONEOS_DEPLOYMENT_TARGET = 12.2;
				MTL_ENABLE_DEBUG_INFO = INCLUDE_SOURCE;
				MTL_FAST_MATH = YES;
				ONLY_ACTIVE_ARCH = YES;
				SDKROOT = iphoneos;
				SWIFT_ACTIVE_COMPILATION_CONDITIONS = DEBUG;
				SWIFT_OPTIMIZATION_LEVEL = "-Onone";
			};
			name = Debug;
		};
		24D0309A22EB3E5400D9DEA3 /* Release */ = {
			isa = XCBuildConfiguration;
			buildSettings = {
				ALWAYS_SEARCH_USER_PATHS = NO;
				CLANG_ANALYZER_NONNULL = YES;
				CLANG_ANALYZER_NUMBER_OBJECT_CONVERSION = YES_AGGRESSIVE;
				CLANG_CXX_LANGUAGE_STANDARD = "gnu++14";
				CLANG_CXX_LIBRARY = "libc++";
				CLANG_ENABLE_MODULES = YES;
				CLANG_ENABLE_OBJC_ARC = YES;
				CLANG_ENABLE_OBJC_WEAK = YES;
				CLANG_WARN_BLOCK_CAPTURE_AUTORELEASING = YES;
				CLANG_WARN_BOOL_CONVERSION = YES;
				CLANG_WARN_COMMA = YES;
				CLANG_WARN_CONSTANT_CONVERSION = YES;
				CLANG_WARN_DEPRECATED_OBJC_IMPLEMENTATIONS = YES;
				CLANG_WARN_DIRECT_OBJC_ISA_USAGE = YES_ERROR;
				CLANG_WARN_DOCUMENTATION_COMMENTS = YES;
				CLANG_WARN_EMPTY_BODY = YES;
				CLANG_WARN_ENUM_CONVERSION = YES;
				CLANG_WARN_INFINITE_RECURSION = YES;
				CLANG_WARN_INT_CONVERSION = YES;
				CLANG_WARN_NON_LITERAL_NULL_CONVERSION = YES;
				CLANG_WARN_OBJC_IMPLICIT_RETAIN_SELF = YES;
				CLANG_WARN_OBJC_LITERAL_CONVERSION = YES;
				CLANG_WARN_OBJC_ROOT_CLASS = YES_ERROR;
				CLANG_WARN_RANGE_LOOP_ANALYSIS = YES;
				CLANG_WARN_STRICT_PROTOTYPES = YES;
				CLANG_WARN_SUSPICIOUS_MOVE = YES;
				CLANG_WARN_UNGUARDED_AVAILABILITY = YES_AGGRESSIVE;
				CLANG_WARN_UNREACHABLE_CODE = YES;
				CLANG_WARN__DUPLICATE_METHOD_MATCH = YES;
				CODE_SIGN_IDENTITY = "iPhone Developer";
				COPY_PHASE_STRIP = NO;
				DEBUG_INFORMATION_FORMAT = "dwarf-with-dsym";
				ENABLE_NS_ASSERTIONS = NO;
				ENABLE_STRICT_OBJC_MSGSEND = YES;
				GCC_C_LANGUAGE_STANDARD = gnu11;
				GCC_NO_COMMON_BLOCKS = YES;
				GCC_WARN_64_TO_32_BIT_CONVERSION = YES;
				GCC_WARN_ABOUT_RETURN_TYPE = YES_ERROR;
				GCC_WARN_UNDECLARED_SELECTOR = YES;
				GCC_WARN_UNINITIALIZED_AUTOS = YES_AGGRESSIVE;
				GCC_WARN_UNUSED_FUNCTION = YES;
				GCC_WARN_UNUSED_VARIABLE = YES;
				IPHONEOS_DEPLOYMENT_TARGET = 12.2;
				MTL_ENABLE_DEBUG_INFO = NO;
				MTL_FAST_MATH = YES;
				SDKROOT = iphoneos;
				SWIFT_COMPILATION_MODE = wholemodule;
				SWIFT_OPTIMIZATION_LEVEL = "-O";
				VALIDATE_PRODUCT = YES;
			};
			name = Release;
		};
		24D0309C22EB3E5400D9DEA3 /* Debug */ = {
			isa = XCBuildConfiguration;
			buildSettings = {
				ASSETCATALOG_COMPILER_APPICON_NAME = AppIcon;
				CLANG_ENABLE_MODULES = YES;
				CODE_SIGN_STYLE = Automatic;
				DEVELOPMENT_TEAM = 89ST658N5L;
				INFOPLIST_FILE = memo/Info.plist;
				LD_RUNPATH_SEARCH_PATHS = (
					"$(inherited)",
					"@executable_path/Frameworks",
				);
				PRODUCT_BUNDLE_IDENTIFIER = a.memo;
				PRODUCT_NAME = "$(TARGET_NAME)";
				SWIFT_OBJC_BRIDGING_HEADER = "memo-Bridging-Header.h";
				SWIFT_OPTIMIZATION_LEVEL = "-Onone";
				SWIFT_VERSION = 5.0;
				TARGETED_DEVICE_FAMILY = "1,2";
			};
			name = Debug;
		};
		24D0309D22EB3E5400D9DEA3 /* Release */ = {
			isa = XCBuildConfiguration;
			buildSettings = {
				ASSETCATALOG_COMPILER_APPICON_NAME = AppIcon;
				CLANG_ENABLE_MODULES = YES;
				CODE_SIGN_STYLE = Automatic;
				DEVELOPMENT_TEAM = 89ST658N5L;
				INFOPLIST_FILE = memo/Info.plist;
				LD_RUNPATH_SEARCH_PATHS = (
					"$(inherited)",
					"@executable_path/Frameworks",
				);
				PRODUCT_BUNDLE_IDENTIFIER = a.memo;
				PRODUCT_NAME = "$(TARGET_NAME)";
				SWIFT_OBJC_BRIDGING_HEADER = "memo-Bridging-Header.h";
				SWIFT_VERSION = 5.0;
				TARGETED_DEVICE_FAMILY = "1,2";
			};
			name = Release;
		};
		24D0309F22EB3E5400D9DEA3 /* Debug */ = {
			isa = XCBuildConfiguration;
			buildSettings = {
				ALWAYS_EMBED_SWIFT_STANDARD_LIBRARIES = YES;
				BUNDLE_LOADER = "$(TEST_HOST)";
				CODE_SIGN_STYLE = Automatic;
				DEVELOPMENT_TEAM = 89ST658N5L;
				INFOPLIST_FILE = memoTests/Info.plist;
				LD_RUNPATH_SEARCH_PATHS = (
					"$(inherited)",
					"@executable_path/Frameworks",
					"@loader_path/Frameworks",
				);
				PRODUCT_BUNDLE_IDENTIFIER = a.memoTests;
				PRODUCT_NAME = "$(TARGET_NAME)";
				SWIFT_VERSION = 5.0;
				TARGETED_DEVICE_FAMILY = "1,2";
				TEST_HOST = "$(BUILT_PRODUCTS_DIR)/memo.app/memo";
			};
			name = Debug;
		};
		24D030A022EB3E5400D9DEA3 /* Release */ = {
			isa = XCBuildConfiguration;
			buildSettings = {
				ALWAYS_EMBED_SWIFT_STANDARD_LIBRARIES = YES;
				BUNDLE_LOADER = "$(TEST_HOST)";
				CODE_SIGN_STYLE = Automatic;
				DEVELOPMENT_TEAM = 89ST658N5L;
				INFOPLIST_FILE = memoTests/Info.plist;
				LD_RUNPATH_SEARCH_PATHS = (
					"$(inherited)",
					"@executable_path/Frameworks",
					"@loader_path/Frameworks",
				);
				PRODUCT_BUNDLE_IDENTIFIER = a.memoTests;
				PRODUCT_NAME = "$(TARGET_NAME)";
				SWIFT_VERSION = 5.0;
				TARGETED_DEVICE_FAMILY = "1,2";
				TEST_HOST = "$(BUILT_PRODUCTS_DIR)/memo.app/memo";
			};
			name = Release;
		};
		24D030A222EB3E5400D9DEA3 /* Debug */ = {
			isa = XCBuildConfiguration;
			buildSettings = {
				ALWAYS_EMBED_SWIFT_STANDARD_LIBRARIES = YES;
				CODE_SIGN_STYLE = Automatic;
				DEVELOPMENT_TEAM = 89ST658N5L;
				INFOPLIST_FILE = memoUITests/Info.plist;
				LD_RUNPATH_SEARCH_PATHS = (
					"$(inherited)",
					"@executable_path/Frameworks",
					"@loader_path/Frameworks",
				);
				PRODUCT_BUNDLE_IDENTIFIER = a.memoUITests;
				PRODUCT_NAME = "$(TARGET_NAME)";
				SWIFT_VERSION = 5.0;
				TARGETED_DEVICE_FAMILY = "1,2";
				TEST_TARGET_NAME = memo;
			};
			name = Debug;
		};
		24D030A322EB3E5400D9DEA3 /* Release */ = {
			isa = XCBuildConfiguration;
			buildSettings = {
				ALWAYS_EMBED_SWIFT_STANDARD_LIBRARIES = YES;
				CODE_SIGN_STYLE = Automatic;
				DEVELOPMENT_TEAM = 89ST658N5L;
				INFOPLIST_FILE = memoUITests/Info.plist;
				LD_RUNPATH_SEARCH_PATHS = (
					"$(inherited)",
					"@executable_path/Frameworks",
					"@loader_path/Frameworks",
				);
				PRODUCT_BUNDLE_IDENTIFIER = a.memoUITests;
				PRODUCT_NAME = "$(TARGET_NAME)";
				SWIFT_VERSION = 5.0;
				TARGETED_DEVICE_FAMILY = "1,2";
				TEST_TARGET_NAME = memo;
			};
			name = Release;
		};
/* End XCBuildConfiguration section */

/* Begin XCConfigurationList section */
		24D0306E22EB3E5300D9DEA3 /* Build configuration list for PBXProject "memo" */ = {
			isa = XCConfigurationList;
			buildConfigurations = (
				24D0309922EB3E5400D9DEA3 /* Debug */,
				24D0309A22EB3E5400D9DEA3 /* Release */,
			);
			defaultConfigurationIsVisible = 0;
			defaultConfigurationName = Release;
		};
		24D0309B22EB3E5400D9DEA3 /* Build configuration list for PBXNativeTarget "memo" */ = {
			isa = XCConfigurationList;
			buildConfigurations = (
				24D0309C22EB3E5400D9DEA3 /* Debug */,
				24D0309D22EB3E5400D9DEA3 /* Release */,
			);
			defaultConfigurationIsVisible = 0;
			defaultConfigurationName = Release;
		};
		24D0309E22EB3E5400D9DEA3 /* Build configuration list for PBXNativeTarget "memoTests" */ = {
			isa = XCConfigurationList;
			buildConfigurations = (
				24D0309F22EB3E5400D9DEA3 /* Debug */,
				24D030A022EB3E5400D9DEA3 /* Release */,
			);
			defaultConfigurationIsVisible = 0;
			defaultConfigurationName = Release;
		};
		24D030A122EB3E5400D9DEA3 /* Build configuration list for PBXNativeTarget "memoUITests" */ = {
			isa = XCConfigurationList;
			buildConfigurations = (
				24D030A222EB3E5400D9DEA3 /* Debug */,
				24D030A322EB3E5400D9DEA3 /* Release */,
			);
			defaultConfigurationIsVisible = 0;
			defaultConfigurationName = Release;
		};
/* End XCConfigurationList section */
	};
	rootObject = 24D0306B22EB3E5300D9DEA3 /* Project object */;
}
